// !$*UTF8*$!
{
	archiveVersion = 1;
	classes = {
	};
	objectVersion = 46;
	objects = {

/* Begin PBXBuildFile section */
		F9431B3C1CD7E32C00078817 /* main.cpp in Sources */ = {isa = PBXBuildFile; fileRef = F9431B3B1CD7E32C00078817 /* main.cpp */; };
		F9431B441CD7E3E600078817 /* OpenCL.framework in Frameworks */ = {isa = PBXBuildFile; fileRef = F9431B421CD7E3E600078817 /* OpenCL.framework */; };
		F9431B451CD7E3E600078817 /* OpenGL.framework in Frameworks */ = {isa = PBXBuildFile; fileRef = F9431B431CD7E3E600078817 /* OpenGL.framework */; };
		F9431B4A1CD7E40200078817 /* libfreeimage.a in Frameworks */ = {isa = PBXBuildFile; fileRef = F9431B491CD7E40200078817 /* libfreeimage.a */; };
		F9431B4C1CD7E40D00078817 /* libGLEW.a in Frameworks */ = {isa = PBXBuildFile; fileRef = F9431B4B1CD7E40D00078817 /* libGLEW.a */; };
		F9431B4E1CD7E41800078817 /* libglfw3.a in Frameworks */ = {isa = PBXBuildFile; fileRef = F9431B4D1CD7E41800078817 /* libglfw3.a */; };
		F9431B541CD7E85500078817 /* OpenAL.framework in Frameworks */ = {isa = PBXBuildFile; fileRef = F9431B531CD7E85500078817 /* OpenAL.framework */; };
		F9431B561CD7E86300078817 /* libcommon.a in Frameworks */ = {isa = PBXBuildFile; fileRef = F9431B551CD7E86300078817 /* libcommon.a */; };
/* End PBXBuildFile section */

/* Begin PBXCopyFilesBuildPhase section */
		F9431B361CD7E32C00078817 /* CopyFiles */ = {
			isa = PBXCopyFilesBuildPhase;
			buildActionMask = 2147483647;
			dstPath = /usr/share/man/man1/;
			dstSubfolderSpec = 0;
			files = (
			);
			runOnlyForDeploymentPostprocessing = 1;
		};
/* End PBXCopyFilesBuildPhase section */

/* Begin PBXFileReference section */
		F9431B381CD7E32C00078817 /* Stormy */ = {isa = PBXFileReference; explicitFileType = "compiled.mach-o.executable"; includeInIndex = 0; path = Stormy; sourceTree = BUILT_PRODUCTS_DIR; };
		F9431B3B1CD7E32C00078817 /* main.cpp */ = {isa = PBXFileReference; lastKnownFileType = sourcecode.cpp.cpp; path = main.cpp; sourceTree = "<group>"; };
		F9431B421CD7E3E600078817 /* OpenCL.framework */ = {isa = PBXFileReference; lastKnownFileType = wrapper.framework; name = OpenCL.framework; path = Stormy/dependencies/OpenCL.framework; sourceTree = "<group>"; };
		F9431B431CD7E3E600078817 /* OpenGL.framework */ = {isa = PBXFileReference; lastKnownFileType = wrapper.framework; name = OpenGL.framework; path = Stormy/dependencies/OpenGL.framework; sourceTree = "<group>"; };
		F9431B491CD7E40200078817 /* libfreeimage.a */ = {isa = PBXFileReference; lastKnownFileType = archive.ar; name = libfreeimage.a; path = Stormy/dependencies/freeimage/3.17.0/lib/libfreeimage.a; sourceTree = "<group>"; };
		F9431B4B1CD7E40D00078817 /* libGLEW.a */ = {isa = PBXFileReference; lastKnownFileType = archive.ar; name = libGLEW.a; path = Stormy/dependencies/glew/1.13.0/lib/libGLEW.a; sourceTree = "<group>"; };
		F9431B4D1CD7E41800078817 /* libglfw3.a */ = {isa = PBXFileReference; lastKnownFileType = archive.ar; name = libglfw3.a; path = Stormy/dependencies/glfw3/3.1.2/lib/libglfw3.a; sourceTree = "<group>"; };
		F9431B531CD7E85500078817 /* OpenAL.framework */ = {isa = PBXFileReference; lastKnownFileType = wrapper.framework; name = OpenAL.framework; path = Stormy/dependencies/OpenAL.framework; sourceTree = "<group>"; };
		F9431B551CD7E86300078817 /* libcommon.a */ = {isa = PBXFileReference; lastKnownFileType = archive.ar; name = libcommon.a; path = Stormy/dependencies/OpenAL/Libs/libcommon.a; sourceTree = "<group>"; };
/* End PBXFileReference section */

/* Begin PBXFrameworksBuildPhase section */
		F9431B351CD7E32C00078817 /* Frameworks */ = {
			isa = PBXFrameworksBuildPhase;
			buildActionMask = 2147483647;
			files = (
				F9431B561CD7E86300078817 /* libcommon.a in Frameworks */,
				F9431B4E1CD7E41800078817 /* libglfw3.a in Frameworks */,
				F9431B4C1CD7E40D00078817 /* libGLEW.a in Frameworks */,
				F9431B4A1CD7E40200078817 /* libfreeimage.a in Frameworks */,
				F9431B541CD7E85500078817 /* OpenAL.framework in Frameworks */,
				F9431B441CD7E3E600078817 /* OpenCL.framework in Frameworks */,
				F9431B451CD7E3E600078817 /* OpenGL.framework in Frameworks */,
			);
			runOnlyForDeploymentPostprocessing = 0;
		};
/* End PBXFrameworksBuildPhase section */

/* Begin PBXGroup section */
		F9431B2F1CD7E32C00078817 = {
			isa = PBXGroup;
			children = (
				F9431B571CD7E89000078817 /* dependencies */,
				F9431B3A1CD7E32C00078817 /* Stormy */,
				F9431B391CD7E32C00078817 /* Products */,
			);
			sourceTree = "<group>";
		};
		F9431B391CD7E32C00078817 /* Products */ = {
			isa = PBXGroup;
			children = (
				F9431B381CD7E32C00078817 /* Stormy */,
			);
			name = Products;
			sourceTree = "<group>";
		};
		F9431B3A1CD7E32C00078817 /* Stormy */ = {
			isa = PBXGroup;
			children = (
				F9431B3B1CD7E32C00078817 /* main.cpp */,
			);
			path = Stormy;
			sourceTree = "<group>";
		};
		F9431B571CD7E89000078817 /* dependencies */ = {
			isa = PBXGroup;
			children = (
				F9431B581CD7E8AC00078817 /* resources */,
				F9431B491CD7E40200078817 /* libfreeimage.a */,
				F9431B4B1CD7E40D00078817 /* libGLEW.a */,
				F9431B4D1CD7E41800078817 /* libglfw3.a */,
				F9431B551CD7E86300078817 /* libcommon.a */,
				F9431B431CD7E3E600078817 /* OpenGL.framework */,
				F9431B421CD7E3E600078817 /* OpenCL.framework */,
				F9431B531CD7E85500078817 /* OpenAL.framework */,
			);
			name = dependencies;
			sourceTree = "<group>";
		};
		F9431B581CD7E8AC00078817 /* resources */ = {
			isa = PBXGroup;
			children = (
			);
			name = resources;
			sourceTree = "<group>";
		};
/* End PBXGroup section */

/* Begin PBXNativeTarget section */
		F9431B371CD7E32C00078817 /* Stormy */ = {
			isa = PBXNativeTarget;
			buildConfigurationList = F9431B3F1CD7E32C00078817 /* Build configuration list for PBXNativeTarget "Stormy" */;
			buildPhases = (
				F9431B341CD7E32C00078817 /* Sources */,
				F9431B351CD7E32C00078817 /* Frameworks */,
				F9431B361CD7E32C00078817 /* CopyFiles */,
			);
			buildRules = (
			);
			dependencies = (
			);
			name = Stormy;
			productName = Stormy;
			productReference = F9431B381CD7E32C00078817 /* Stormy */;
			productType = "com.apple.product-type.tool";
		};
/* End PBXNativeTarget section */

/* Begin PBXProject section */
		F9431B301CD7E32C00078817 /* Project object */ = {
			isa = PBXProject;
			attributes = {
				LastUpgradeCheck = 0730;
				ORGANIZATIONNAME = MarkClifton;
				TargetAttributes = {
					F9431B371CD7E32C00078817 = {
						CreatedOnToolsVersion = 7.3;
					};
				};
			};
			buildConfigurationList = F9431B331CD7E32C00078817 /* Build configuration list for PBXProject "Stormy" */;
			compatibilityVersion = "Xcode 3.2";
			developmentRegion = English;
			hasScannedForEncodings = 0;
			knownRegions = (
				en,
			);
			mainGroup = F9431B2F1CD7E32C00078817;
			productRefGroup = F9431B391CD7E32C00078817 /* Products */;
			projectDirPath = "";
			projectRoot = "";
			targets = (
				F9431B371CD7E32C00078817 /* Stormy */,
			);
		};
/* End PBXProject section */

/* Begin PBXSourcesBuildPhase section */
		F9431B341CD7E32C00078817 /* Sources */ = {
			isa = PBXSourcesBuildPhase;
			buildActionMask = 2147483647;
			files = (
				F9431B3C1CD7E32C00078817 /* main.cpp in Sources */,
			);
			runOnlyForDeploymentPostprocessing = 0;
		};
/* End PBXSourcesBuildPhase section */

/* Begin XCBuildConfiguration section */
		F9431B3D1CD7E32C00078817 /* Debug */ = {
			isa = XCBuildConfiguration;
			buildSettings = {
				ALWAYS_SEARCH_USER_PATHS = NO;
				CLANG_ANALYZER_NONNULL = YES;
				CLANG_CXX_LANGUAGE_STANDARD = "gnu++0x";
				CLANG_CXX_LIBRARY = "libc++";
				CLANG_ENABLE_MODULES = YES;
				CLANG_ENABLE_OBJC_ARC = YES;
				CLANG_WARN_BOOL_CONVERSION = YES;
				CLANG_WARN_CONSTANT_CONVERSION = YES;
				CLANG_WARN_DIRECT_OBJC_ISA_USAGE = YES_ERROR;
				CLANG_WARN_EMPTY_BODY = YES;
				CLANG_WARN_ENUM_CONVERSION = YES;
				CLANG_WARN_INT_CONVERSION = YES;
				CLANG_WARN_OBJC_ROOT_CLASS = YES_ERROR;
				CLANG_WARN_UNREACHABLE_CODE = YES;
				CLANG_WARN__DUPLICATE_METHOD_MATCH = YES;
				CODE_SIGN_IDENTITY = "-";
				COPY_PHASE_STRIP = NO;
				DEBUG_INFORMATION_FORMAT = dwarf;
				ENABLE_STRICT_OBJC_MSGSEND = YES;
				ENABLE_TESTABILITY = YES;
				GCC_C_LANGUAGE_STANDARD = gnu99;
				GCC_DYNAMIC_NO_PIC = NO;
				GCC_NO_COMMON_BLOCKS = YES;
				GCC_OPTIMIZATION_LEVEL = 0;
				GCC_PREPROCESSOR_DEFINITIONS = (
					"DEBUG=1",
					"$(inherited)",
				);
				GCC_WARN_64_TO_32_BIT_CONVERSION = YES;
				GCC_WARN_ABOUT_RETURN_TYPE = YES_ERROR;
				GCC_WARN_UNDECLARED_SELECTOR = YES;
				GCC_WARN_UNINITIALIZED_AUTOS = YES_AGGRESSIVE;
				GCC_WARN_UNUSED_FUNCTION = YES;
				GCC_WARN_UNUSED_VARIABLE = YES;
				MACOSX_DEPLOYMENT_TARGET = 10.11;
				MTL_ENABLE_DEBUG_INFO = YES;
				ONLY_ACTIVE_ARCH = YES;
				SDKROOT = macosx;
			};
			name = Debug;
		};
		F9431B3E1CD7E32C00078817 /* Release */ = {
			isa = XCBuildConfiguration;
			buildSettings = {
				ALWAYS_SEARCH_USER_PATHS = NO;
				CLANG_ANALYZER_NONNULL = YES;
				CLANG_CXX_LANGUAGE_STANDARD = "gnu++0x";
				CLANG_CXX_LIBRARY = "libc++";
				CLANG_ENABLE_MODULES = YES;
				CLANG_ENABLE_OBJC_ARC = YES;
				CLANG_WARN_BOOL_CONVERSION = YES;
				CLANG_WARN_CONSTANT_CONVERSION = YES;
				CLANG_WARN_DIRECT_OBJC_ISA_USAGE = YES_ERROR;
				CLANG_WARN_EMPTY_BODY = YES;
				CLANG_WARN_ENUM_CONVERSION = YES;
				CLANG_WARN_INT_CONVERSION = YES;
				CLANG_WARN_OBJC_ROOT_CLASS = YES_ERROR;
				CLANG_WARN_UNREACHABLE_CODE = YES;
				CLANG_WARN__DUPLICATE_METHOD_MATCH = YES;
				CODE_SIGN_IDENTITY = "-";
				COPY_PHASE_STRIP = NO;
				DEBUG_INFORMATION_FORMAT = "dwarf-with-dsym";
				ENABLE_NS_ASSERTIONS = NO;
				ENABLE_STRICT_OBJC_MSGSEND = YES;
				GCC_C_LANGUAGE_STANDARD = gnu99;
				GCC_NO_COMMON_BLOCKS = YES;
				GCC_WARN_64_TO_32_BIT_CONVERSION = YES;
				GCC_WARN_ABOUT_RETURN_TYPE = YES_ERROR;
				GCC_WARN_UNDECLARED_SELECTOR = YES;
				GCC_WARN_UNINITIALIZED_AUTOS = YES_AGGRESSIVE;
				GCC_WARN_UNUSED_FUNCTION = YES;
				GCC_WARN_UNUSED_VARIABLE = YES;
				MACOSX_DEPLOYMENT_TARGET = 10.11;
				MTL_ENABLE_DEBUG_INFO = NO;
				SDKROOT = macosx;
			};
			name = Release;
		};
		F9431B401CD7E32C00078817 /* Debug */ = {
			isa = XCBuildConfiguration;
			buildSettings = {
				FRAMEWORK_SEARCH_PATHS = (
					"$(inherited)",
					"$(PROJECT_DIR)/Stormy/dependencies",
				);
				HEADER_SEARCH_PATHS = (
					"$(PROJECT_DIR)/Dependencies/glew/1.13.0/include",
					"$(PROJECT_DIR)/Dependencies/glfw3/3.1.2/include",
					"$(PROJECT_DIR)/Dependencies/freeimage/3.17.0/include",
					"$(PROJECT_DIR)/Dependencies/openal/Headers",
					"$(PROJECT_DIR)/Dependencies/openal/Headers/include",
				);
				LIBRARY_SEARCH_PATHS = (
					"$(inherited)",
					"$(PROJECT_DIR)/Stormy/dependencies/freeimage/3.17.0/lib",
					"$(PROJECT_DIR)/Stormy/dependencies/glew/1.13.0/lib",
					"$(PROJECT_DIR)/Stormy/dependencies/glfw3/3.1.2/lib",
					"$(PROJECT_DIR)/Stormy/dependencies/OpenAL/Libs",
				);
				PRODUCT_NAME = "$(TARGET_NAME)";
			};
			name = Debug;
		};
		F9431B411CD7E32C00078817 /* Release */ = {
			isa = XCBuildConfiguration;
			buildSettings = {
				FRAMEWORK_SEARCH_PATHS = (
					"$(inherited)",
					"$(PROJECT_DIR)/Stormy/dependencies",
				);
				HEADER_SEARCH_PATHS = (
					"$(PROJECT_DIR)/Dependencies/glew/1.13.0/include",
					"$(PROJECT_DIR)/Dependencies/glfw3/3.1.2/include",
					"$(PROJECT_DIR)/Dependencies/freeimage/3.17.0/include",
					"$(PROJECT_DIR)/Dependencies/openal/Headers",
					"$(PROJECT_DIR)/Dependencies/openal/Headers/include",
				);
				LIBRARY_SEARCH_PATHS = (
					"$(inherited)",
					"$(PROJECT_DIR)/Stormy/dependencies/freeimage/3.17.0/lib",
					"$(PROJECT_DIR)/Stormy/dependencies/glew/1.13.0/lib",
					"$(PROJECT_DIR)/Stormy/dependencies/glfw3/3.1.2/lib",
					"$(PROJECT_DIR)/Stormy/dependencies/OpenAL/Libs",
				);
				PRODUCT_NAME = "$(TARGET_NAME)";
			};
			name = Release;
		};
/* End XCBuildConfiguration section */

/* Begin XCConfigurationList section */
		F9431B331CD7E32C00078817 /* Build configuration list for PBXProject "Stormy" */ = {
			isa = XCConfigurationList;
			buildConfigurations = (
				F9431B3D1CD7E32C00078817 /* Debug */,
				F9431B3E1CD7E32C00078817 /* Release */,
			);
			defaultConfigurationIsVisible = 0;
			defaultConfigurationName = Release;
		};
		F9431B3F1CD7E32C00078817 /* Build configuration list for PBXNativeTarget "Stormy" */ = {
			isa = XCConfigurationList;
			buildConfigurations = (
				F9431B401CD7E32C00078817 /* Debug */,
				F9431B411CD7E32C00078817 /* Release */,
			);
			defaultConfigurationIsVisible = 0;
			defaultConfigurationName = Release;
		};
/* End XCConfigurationList section */
	};
	rootObject = F9431B301CD7E32C00078817 /* Project object */;
}
